{
    "_readme": [
        "This file locks the dependencies of your project to a known state",
        "Read more about it at https://getcomposer.org/doc/01-basic-usage.md#installing-dependencies",
        "This file is @generated automatically"
    ],
    "content-hash": "cb0b8e07500af319d9e3831e8dd39b1b",
    "packages": [
        {
            "name": "muzk6/jdi",
            "version": "v1.7.0",
            "source": {
                "type": "git",
                "url": "https://github.com/muzk6/jdi.git",
                "reference": "05d66214ef094fb3dc0e73b798b4a9b4226d3319"
            },
            "dist": {
                "type": "zip",
                "url": "https://api.github.com/repos/muzk6/jdi/zipball/05d66214ef094fb3dc0e73b798b4a9b4226d3319",
                "reference": "05d66214ef094fb3dc0e73b798b4a9b4226d3319",
                "shasum": ""
            },
            "require": {
                "ext-json": "*",
                "php": "^7.1"
            },
            "suggest": {
                "ext-pcntl": "Required to use the Pcntl",
                "ext-pdo": "Required to use the PDO MySql",
                "ext-redis": "Required to use the Redis",
                "ext-xdebug": "Required to use the Xdebug",
                "php-amqplib/php-amqplib:^2.9": "Required to use the Message Queue",
                "phpunit/phpunit": "Required to use the Unit testing",
                "tideways_xhprof": "Required to use the tideways_xhprof"
            },
            "type": "library",
            "autoload": {
                "files": [
                    "src/Support/helpers.php",
                    "src/Support/services.php"
                ],
                "psr-4": {
                    "JDI\\": "src/",
                    "JDI\\Tests\\": "tests/phpunit/"
                }
            },
            "notification-url": "https://packagist.org/downloads/",
            "license": [
                "MIT"
            ],
            "authors": [
                {
                    "name": "muzk6",
                    "email": "muzk6x@gmail.com"
                }
            ],
            "description": "PHP Framework",
            "support": {
                "issues": "https://github.com/muzk6/jdi/issues",
                "source": "https://github.com/muzk6/jdi/tree/v1.7.0"
            },
            "time": "2025-01-22T08:29:36+00:00"
        }
    ],
    "packages-dev": [],
    "aliases": [],
    "minimum-stability": "stable",
    "stability-flags": [],
    "prefer-stable": false,
    "prefer-lowest": false,
    "platform": [],
    "platform-dev": [],
    "plugin-api-version": "2.0.0"
}
