{
    "_readme": [
        "This file locks the dependencies of your project to a known state",
        "Read more about it at https://getcomposer.org/doc/01-basic-usage.md#installing-dependencies",
        "This file is @generated automatically"
    ],
    "content-hash": "1681a3204e9fc7f40aa3b92f8e65ef4c",
    "packages": [
        {
            "name": "muzk6/jdi",
            "version": "v1.3.6",
            "source": {
                "type": "git",
                "url": "https://github.com/muzk6/jdi.git",
                "reference": "22c606d31b594050a8b2bb4a28cbdbb4a8eac9a8"
            },
            "dist": {
                "type": "zip",
                "url": "https://api.github.com/repos/muzk6/jdi/zipball/22c606d31b594050a8b2bb4a28cbdbb4a8eac9a8",
                "reference": "22c606d31b594050a8b2bb4a28cbdbb4a8eac9a8",
                "shasum": ""
            },
            "require": {
                "ext-json": "*",
                "php": "^7.1"
            },
            "suggest": {
                "ext-pcntl": "Required to use the Pcntl",
                "ext-pdo": "Required to use the PDO MySql",
                "ext-redis": "Required to use the Redis",
                "ext-xdebug": "Required to use the Xdebug",
                "php-amqplib/php-amqplib:^2.9": "Required to use the Message Queue",
                "phpunit/phpunit": "Required to use the Unit testing",
                "tideways_xhprof": "Required to use the tideways_xhprof"
            },
            "type": "library",
            "autoload": {
                "files": [
                    "src/Support/helpers.php",
                    "src/Support/services.php"
                ],
                "psr-4": {
                    "JDI\\": "src/",
                    "JDI\\Tests\\": "tests/phpunit/"
                }
            },
            "notification-url": "https://packagist.org/downloads/",
            "license": [
                "MIT"
            ],
            "authors": [
                {
                    "name": "muzk6",
                    "email": "muzk6x@gmail.com"
                }
            ],
            "description": "PHP Framework",
            "time": "2020-11-05T03:04:17+00:00"
        }
    ],
    "packages-dev": [],
    "aliases": [],
    "minimum-stability": "stable",
    "stability-flags": [],
    "prefer-stable": false,
    "prefer-lowest": false,
    "platform": [],
    "platform-dev": []
}
